
Microsoft Visual Studio Solution File, Format Version 12.00
# Visual Studio Version 16
VisualStudioVersion = 16.0.31729.503
MinimumVisualStudioVersion = 10.0.40219.1
Project("{FAE04EC0-301F-11D3-BF4B-00C04F79EFBC}") = "ReseñasDeVideojuegos", "ReseñasDeVideojuegos\ReseñasDeVideojuegos.csproj", "{52BAF2D1-2810-4446-9D59-AC826C28F431}"
EndProject
Global
	GlobalSection(SolutionConfigurationPlatforms) = preSolution
		Debug|Any CPU = Debug|Any CPU
		Release|Any CPU = Release|Any CPU
	EndGlobalSection
	GlobalSection(ProjectConfigurationPlatforms) = postSolution
		{52BAF2D1-2810-4446-9D59-AC826C28F431}.Debug|Any CPU.ActiveCfg = Debug|Any CPU
		{52BAF2D1-2810-4446-9D59-AC826C28F431}.Debug|Any CPU.Build.0 = Debug|Any CPU
		{52BAF2D1-2810-4446-9D59-AC826C28F431}.Release|Any CPU.ActiveCfg = Release|Any CPU
		{52BAF2D1-2810-4446-9D59-AC826C28F431}.Release|Any CPU.Build.0 = Release|Any CPU
	EndGlobalSection
	GlobalSection(SolutionProperties) = preSolution
		HideSolutionNode = FALSE
	EndGlobalSection
	GlobalSection(ExtensibilityGlobals) = postSolution
		SolutionGuid = {05C1FE0C-9F43-4D03-8ED9-0123EF75211B}
	EndGlobalSection
EndGlobal
